
Microsoft Visual Studio Solution File, Format Version 12.00
# Visual Studio Version 17
VisualStudioVersion = 17.1.32228.430
MinimumVisualStudioVersion = 10.0.40219.1
Project("{FAE04EC0-301F-11D3-BF4B-00C04F79EFBC}") = "SyntaxSugar", "SyntaxSugar.csproj", "{4D74250D-0103-44C2-A4C1-947C436C7240}"
EndProject
Global
	GlobalSection(SolutionConfigurationPlatforms) = preSolution
		Debug|Any CPU = Debug|Any CPU
		Release|Any CPU = Release|Any CPU
	EndGlobalSection
	GlobalSection(ProjectConfigurationPlatforms) = postSolution
		{4D74250D-0103-44C2-A4C1-947C436C7240}.Debug|Any CPU.ActiveCfg = Debug|Any CPU
		{4D74250D-0103-44C2-A4C1-947C436C7240}.Debug|Any CPU.Build.0 = Debug|Any CPU
		{4D74250D-0103-44C2-A4C1-947C436C7240}.Release|Any CPU.ActiveCfg = Release|Any CPU
		{4D74250D-0103-44C2-A4C1-947C436C7240}.Release|Any CPU.Build.0 = Release|Any CPU
	EndGlobalSection
	GlobalSection(SolutionProperties) = preSolution
		HideSolutionNode = FALSE
	EndGlobalSection
	GlobalSection(ExtensibilityGlobals) = postSolution
		SolutionGuid = {D35B04E4-B54E-4D0F-A342-771F4504D8C7}
	EndGlobalSection
EndGlobal
